
Microsoft Visual Studio Solution File, Format Version 12.00
# Visual Studio Version 16
VisualStudioVersion = 16.0.808.7
MinimumVisualStudioVersion = 10.0.40219.1
Project("{FAE04EC0-301F-11D3-BF4B-00C04F79EFBC}") = "WHUNow", "WHUNow\WHUNow.csproj", "{A502BFC6-F6A1-4AE9-B565-628A2B4E4189}"
EndProject
Global
	GlobalSection(SolutionConfigurationPlatforms) = preSolution
		Debug|Any CPU = Debug|Any CPU
		Release|Any CPU = Release|Any CPU
	EndGlobalSection
	GlobalSection(ProjectConfigurationPlatforms) = postSolution
		{A502BFC6-F6A1-4AE9-B565-628A2B4E4189}.Debug|Any CPU.ActiveCfg = Debug|Any CPU
		{A502BFC6-F6A1-4AE9-B565-628A2B4E4189}.Debug|Any CPU.Build.0 = Debug|Any CPU
		{A502BFC6-F6A1-4AE9-B565-628A2B4E4189}.Release|Any CPU.ActiveCfg = Release|Any CPU
		{A502BFC6-F6A1-4AE9-B565-628A2B4E4189}.Release|Any CPU.Build.0 = Release|Any CPU
	EndGlobalSection
	GlobalSection(SolutionProperties) = preSolution
		HideSolutionNode = FALSE
	EndGlobalSection
	GlobalSection(ExtensibilityGlobals) = postSolution
		SolutionGuid = {6E6AED0E-21EF-4735-9782-2ABD2D31505B}
	EndGlobalSection
EndGlobal
